
Microsoft Visual Studio Solution File, Format Version 12.00
# Visual Studio Version 16
VisualStudioVersion = 16.0.29721.120
MinimumVisualStudioVersion = 10.0.40219.1
Project("{F2A71F9B-5D33-465A-A702-920D77279786}") = "Homework2", "Homework2.fsproj", "{69C3EC02-2F92-4FB6-B989-96EB85D120A8}"
EndProject
Project("{F2A71F9B-5D33-465A-A702-920D77279786}") = "Homework2.Tests", "..\Homework2.Tests\Homework2.Tests.fsproj", "{DD4C485C-41A5-440D-82C4-413FA66E42E7}"
EndProject
Global
	GlobalSection(SolutionConfigurationPlatforms) = preSolution
		Debug|Any CPU = Debug|Any CPU
		Release|Any CPU = Release|Any CPU
	EndGlobalSection
	GlobalSection(ProjectConfigurationPlatforms) = postSolution
		{69C3EC02-2F92-4FB6-B989-96EB85D120A8}.Debug|Any CPU.ActiveCfg = Debug|Any CPU
		{69C3EC02-2F92-4FB6-B989-96EB85D120A8}.Debug|Any CPU.Build.0 = Debug|Any CPU
		{69C3EC02-2F92-4FB6-B989-96EB85D120A8}.Release|Any CPU.ActiveCfg = Release|Any CPU
		{69C3EC02-2F92-4FB6-B989-96EB85D120A8}.Release|Any CPU.Build.0 = Release|Any CPU
		{DD4C485C-41A5-440D-82C4-413FA66E42E7}.Debug|Any CPU.ActiveCfg = Debug|Any CPU
		{DD4C485C-41A5-440D-82C4-413FA66E42E7}.Debug|Any CPU.Build.0 = Debug|Any CPU
		{DD4C485C-41A5-440D-82C4-413FA66E42E7}.Release|Any CPU.ActiveCfg = Release|Any CPU
		{DD4C485C-41A5-440D-82C4-413FA66E42E7}.Release|Any CPU.Build.0 = Release|Any CPU
	EndGlobalSection
	GlobalSection(SolutionProperties) = preSolution
		HideSolutionNode = FALSE
	EndGlobalSection
	GlobalSection(ExtensibilityGlobals) = postSolution
		SolutionGuid = {145527E6-275D-4BB1-808F-0973EADEFAA7}
	EndGlobalSection
EndGlobal
